
Microsoft Visual Studio Solution File, Format Version 11.00
# Visual Studio 2010
Project("{FAE04EC0-301F-11D3-BF4B-00C04F79EFBC}") = "ReloadPackage", "ReloadPackage.csproj", "{46BE9E19-0466-4E01-8E30-789E49EB2D7A}"
EndProject
Global
	GlobalSection(SolutionConfigurationPlatforms) = preSolution
		Debug|Any CPU = Debug|Any CPU
		Release|Any CPU = Release|Any CPU
	EndGlobalSection
	GlobalSection(ProjectConfigurationPlatforms) = postSolution
		{46BE9E19-0466-4E01-8E30-789E49EB2D7A}.Debug|Any CPU.ActiveCfg = Debug|Any CPU
		{46BE9E19-0466-4E01-8E30-789E49EB2D7A}.Debug|Any CPU.Build.0 = Debug|Any CPU
		{46BE9E19-0466-4E01-8E30-789E49EB2D7A}.Release|Any CPU.ActiveCfg = Release|Any CPU
		{46BE9E19-0466-4E01-8E30-789E49EB2D7A}.Release|Any CPU.Build.0 = Release|Any CPU
	EndGlobalSection
	GlobalSection(SolutionProperties) = preSolution
		HideSolutionNode = FALSE
	EndGlobalSection
EndGlobal
